{
  "name": "ezpaarse-scrapers",
  "version": "0.0.1",
  "dependencies": {
    "cheerio": {
      "version": "0.12.4",
      "from": "cheerio@0.12.4",
      "dependencies": {
        "cheerio-select": {
          "version": "0.0.3",
          "from": "cheerio-select@*",
          "dependencies": {
            "CSSselect": {
              "version": "0.7.0",
              "from": "CSSselect@0.x",
              "dependencies": {
                "CSSwhat": {
                  "version": "0.4.5",
                  "from": "CSSwhat@0.4"
                },
                "domutils": {
                  "version": "1.4.3",
                  "from": "domutils@1.4",
                  "dependencies": {
                    "domelementtype": {
                      "version": "1.1.1",
                      "from": "domelementtype@1"
                    }
                  }
                },
                "boolbase": {
                  "version": "1.0.0",
                  "from": "boolbase@~1.0.0"
                },
                "nth-check": {
                  "version": "1.0.0",
                  "from": "nth-check@~1.0.0"
                }
              }
            }
          }
        },
        "htmlparser2": {
          "version": "3.1.4",
          "from": "htmlparser2@3.1.4",
          "dependencies": {
            "domhandler": {
              "version": "2.0.3",
              "from": "domhandler@2.0"
            },
            "domutils": {
              "version": "1.1.6",
              "from": "domutils@1.1"
            },
            "domelementtype": {
              "version": "1.1.1",
              "from": "domelementtype@1"
            },
            "readable-stream": {
              "version": "1.0.26-4",
              "from": "readable-stream@1.0",
              "dependencies": {
                "core-util-is": {
                  "version": "1.0.1",
                  "from": "core-util-is@~1.0.0"
                },
                "isarray": {
                  "version": "0.0.1",
                  "from": "isarray@0.0.1"
                },
                "string_decoder": {
                  "version": "0.10.25-1",
                  "from": "string_decoder@~0.10.x"
                },
                "inherits": {
                  "version": "2.0.1",
                  "from": "inherits@~2.0.1"
                }
              }
            }
          }
        },
        "underscore": {
          "version": "1.4.4",
          "from": "underscore@~1.4"
        },
        "entities": {
          "version": "0.5.0",
          "from": "entities@0.x"
        }
      }
    },
    "request": {
      "version": "2.27.0",
      "from": "request@2.27.0",
      "dependencies": {
        "qs": {
          "version": "0.6.6",
          "from": "qs@~0.6.0"
        },
        "json-stringify-safe": {
          "version": "5.0.0",
          "from": "json-stringify-safe@~5.0.0"
        },
        "forever-agent": {
          "version": "0.5.2",
          "from": "forever-agent@~0.5.0"
        },
        "tunnel-agent": {
          "version": "0.3.0",
          "from": "tunnel-agent@~0.3.0"
        },
        "http-signature": {
          "version": "0.10.0",
          "from": "http-signature@~0.10.0",
          "dependencies": {
            "assert-plus": {
              "version": "0.1.2",
              "from": "assert-plus@0.1.2"
            },
            "asn1": {
              "version": "0.1.11",
              "from": "asn1@0.1.11"
            },
            "ctype": {
              "version": "0.5.2",
              "from": "ctype@0.5.2"
            }
          }
        },
        "hawk": {
          "version": "1.0.0",
          "from": "hawk@~1.0.0",
          "dependencies": {
            "hoek": {
              "version": "0.9.1",
              "from": "hoek@0.9.x"
            },
            "boom": {
              "version": "0.4.2",
              "from": "boom@0.4.x"
            },
            "cryptiles": {
              "version": "0.2.2",
              "from": "cryptiles@0.2.x"
            },
            "sntp": {
              "version": "0.2.4",
              "from": "sntp@0.2.x"
            }
          }
        },
        "aws-sign": {
          "version": "0.3.0",
          "from": "aws-sign@~0.3.0"
        },
        "oauth-sign": {
          "version": "0.3.0",
          "from": "oauth-sign@~0.3.0"
        },
        "cookie-jar": {
          "version": "0.3.0",
          "from": "cookie-jar@~0.3.0"
        },
        "node-uuid": {
          "version": "1.4.1",
          "from": "node-uuid@~1.4.0"
        },
        "mime": {
          "version": "1.2.11",
          "from": "mime@~1.2.9"
        },
        "form-data": {
          "version": "0.1.2",
          "from": "form-data@~0.1.0",
          "dependencies": {
            "combined-stream": {
              "version": "0.0.4",
              "from": "combined-stream@~0.0.4",
              "dependencies": {
                "delayed-stream": {
                  "version": "0.0.5",
                  "from": "delayed-stream@0.0.5"
                }
              }
            }
          }
        }
      }
    },
    "async": {
      "version": "0.2.10",
      "from": "async@~0.2.9"
    },
    "xml-mapping": {
      "version": "1.5.2",
      "from": "xml-mapping@~1.5.0",
      "resolved": "http://registry.npmjs.org/xml-mapping/-/xml-mapping-1.5.2.tgz",
      "dependencies": {
        "xml-writer": {
          "version": "1.4.1",
          "from": "xml-writer@>=1.0.4"
        },
        "sax": {
          "version": "0.4.2",
          "from": "sax@0.4.2"
        }
      }
    },
    "csv-string": {
      "version": "2.1.1",
      "from": "csv-string@~2.1.0"
    },
    "xlsjs": {
      "version": "0.6.16",
      "from": "xlsjs@~0.6.8",
      "resolved": "http://registry.npmjs.org/xlsjs/-/xlsjs-0.6.16.tgz",
      "dependencies": {
        "cfb": {
          "version": "0.8.1",
          "from": "cfb@>=0.8.0",
          "dependencies": {
            "commander": {
              "version": "2.2.0",
              "from": "commander@2.2.0"
            }
          }
        },
        "ssf": {
          "version": "0.6.4",
          "from": "ssf@~0.6.2",
          "resolved": "http://registry.npmjs.org/ssf/-/ssf-0.6.4.tgz",
          "dependencies": {
            "voc": {
              "version": "0.4.0",
              "from": "voc@",
              "dependencies": {
                "marked": {
                  "version": "0.3.2",
                  "from": "marked@0.3.2"
                },
                "mkdirp": {
                  "version": "0.3.5",
                  "from": "mkdirp@"
                }
              }
            },
            "colors": {
              "version": "0.6.2",
              "from": "colors@"
            },
            "frac": {
              "version": "0.3.1",
              "from": "frac@0.3.1",
              "resolved": "http://registry.npmjs.org/frac/-/frac-0.3.1.tgz"
            }
          }
        },
        "codepage": {
          "version": "0.5.3",
          "from": "codepage@",
          "dependencies": {
            "voc": {
              "version": "0.4.0",
              "from": "voc@",
              "dependencies": {
                "marked": {
                  "version": "0.3.2",
                  "from": "marked@0.3.2"
                },
                "mkdirp": {
                  "version": "0.3.5",
                  "from": "mkdirp@"
                }
              }
            }
          }
        },
        "commander": {
          "version": "2.2.0",
          "from": "commander@2.2.0"
        }
      }
    }
  }
}
